lockfileVersion: '6.0'

settings:
  autoInstallPeers: true
  excludeLinksFromLockfile: false

dependencies:
  heroicons:
    specifier: ^2.1.3
    version: 2.1.3

packages:

  /heroicons@2.1.3:
    resolution: {integrity: sha512-Fom8AaUho83oeGPCne9oo1F6A+2r4BPmY59qOkML4LIu+xQNS/yv8OmcrxCuiVs7X42oTRAnFbOJHGDwIlI8HA==}
    dev: false
